
Microsoft Visual Studio Solution File, Format Version 12.00
# Visual Studio Version 17
VisualStudioVersion = 17.1.32319.34
MinimumVisualStudioVersion = 10.0.40219.1
Project("{FAE04EC0-301F-11D3-BF4B-00C04F79EFBC}") = "Климатический контроль", "Климатический контроль\Климатический контроль.csproj", "{551EF8E5-5359-4F5E-8DA8-3C731D4CF46D}"
EndProject
Global
	GlobalSection(SolutionConfigurationPlatforms) = preSolution
		Debug|Any CPU = Debug|Any CPU
		Release|Any CPU = Release|Any CPU
	EndGlobalSection
	GlobalSection(ProjectConfigurationPlatforms) = postSolution
		{551EF8E5-5359-4F5E-8DA8-3C731D4CF46D}.Debug|Any CPU.ActiveCfg = Debug|Any CPU
		{551EF8E5-5359-4F5E-8DA8-3C731D4CF46D}.Debug|Any CPU.Build.0 = Debug|Any CPU
		{551EF8E5-5359-4F5E-8DA8-3C731D4CF46D}.Release|Any CPU.ActiveCfg = Release|Any CPU
		{551EF8E5-5359-4F5E-8DA8-3C731D4CF46D}.Release|Any CPU.Build.0 = Release|Any CPU
	EndGlobalSection
	GlobalSection(SolutionProperties) = preSolution
		HideSolutionNode = FALSE
	EndGlobalSection
	GlobalSection(ExtensibilityGlobals) = postSolution
		SolutionGuid = {6858FB87-8A89-4A14-A388-F3DDB688FE3B}
	EndGlobalSection
EndGlobal
